
Microsoft Visual Studio Solution File, Format Version 12.00
# Visual Studio Version 16
VisualStudioVersion = 16.0.32228.343
MinimumVisualStudioVersion = 10.0.40219.1
Project("{8BC9CEB8-8B4A-11D0-8D11-00A0C91BC942}") = "2", "2.vcxproj", "{33ED9CF8-ED29-48B8-83DA-CB2E0BF07FEB}"
EndProject
Global
	GlobalSection(SolutionConfigurationPlatforms) = preSolution
		Debug|x64 = Debug|x64
		Debug|x86 = Debug|x86
		Release|x64 = Release|x64
		Release|x86 = Release|x86
	EndGlobalSection
	GlobalSection(ProjectConfigurationPlatforms) = postSolution
		{33ED9CF8-ED29-48B8-83DA-CB2E0BF07FEB}.Debug|x64.ActiveCfg = Debug|x64
		{33ED9CF8-ED29-48B8-83DA-CB2E0BF07FEB}.Debug|x64.Build.0 = Debug|x64
		{33ED9CF8-ED29-48B8-83DA-CB2E0BF07FEB}.Debug|x86.ActiveCfg = Debug|Win32
		{33ED9CF8-ED29-48B8-83DA-CB2E0BF07FEB}.Debug|x86.Build.0 = Debug|Win32
		{33ED9CF8-ED29-48B8-83DA-CB2E0BF07FEB}.Release|x64.ActiveCfg = Release|x64
		{33ED9CF8-ED29-48B8-83DA-CB2E0BF07FEB}.Release|x64.Build.0 = Release|x64
		{33ED9CF8-ED29-48B8-83DA-CB2E0BF07FEB}.Release|x86.ActiveCfg = Release|Win32
		{33ED9CF8-ED29-48B8-83DA-CB2E0BF07FEB}.Release|x86.Build.0 = Release|Win32
	EndGlobalSection
	GlobalSection(SolutionProperties) = preSolution
		HideSolutionNode = FALSE
	EndGlobalSection
	GlobalSection(ExtensibilityGlobals) = postSolution
		SolutionGuid = {4A95BF52-7C8C-4D9F-946D-33F673E28DB5}
	EndGlobalSection
EndGlobal
